github.com/gorilla/mux v1.7.1/go.mod h1:1lud6UwP+6orDFRuTfBEV8e9/aOM/c4fVVCaMa2zaAs=
github.com/gorilla/websocket v1.4.0 h1:WDFjx/TMzVgy9VdMMQi2K2Emtwi2QcUQsztZ/zLaH/Q=
github.com/gorilla/websocket v1.4.0/go.mod h1:E7qHFY5m1UJ88s3WnNqhKjPHQ0heANvMoAMk2YaljkQ=
github.com/lib/pq v1.3.0/go.mod h1:5WUZQaWbwv1U+lTReE5YruASi9Al49XbQIvNi/34Woo=
github.com/mattn/go-sqlite3 v2.0.3+incompatible/go.mod h1:FPy6KqzDD04eiIsT53CuJW3U88zkxoIYsOqkbpncsNc=
github.com/zdnscloud/cement v0.0.0-20190419035655-dbe599d3f012/go.mod h1:sV8GqHxkOhXAV8DUfOw93QyYjqsRlFf4A+XVpEuipn4=
github.com/zdnscloud/cement v0.0.0-20200320100545-2feebefc04fb h1:9hHdEroGMd5nAsLpuXioeTDj0uYWIRHgvMeSGnNs5IU=
github.com/zdnscloud/cement v0.0.0-20200320100545-2feebefc04fb/go.mod h1:4LO5zUFsB9ne6BHQLy0DzXx2+kl7Jfc4eLxidz4oMJA=
github.com/zdnscloud/g53 v0.0.0-20191119101753-eb2b1813bd52/go.mod h1:GrZWv638nfn+7y+E5OkKepRuyOeerwTPCNAtAQAdtec=
github.com/zdnscloud/goproxy v0.0.0-20200326055407-69ac90e14393 h1:EOcdYYU8YzB+aVKhebgGdijkarTm8VAsYEePrBWN5GU=
github.com/zdnscloud/goproxy v0.0.0-20200326055407-69ac90e14393/go.mod h1:bYzZ94MQVAg/3yx2aXzhDptUUC+A8ec868cK+efHDMc=
gopkg.in/check.v1 v0.0.0-20161208181325-20d25e280405/go.mod h1:Co6ibVJAznAaIkqp8huTwlJQCZ016jof/cbN4VW5Yz0=
gopkg.in/yaml.v2 v2.2.8/go.mod h1:hI93XBmqTisBFMUTm0b8Fm+jr3Dg1NNxqwp+5A1VGuI=
